
Microsoft Visual Studio Solution File, Format Version 12.00
# Visual Studio Version 16
VisualStudioVersion = 16.0.31702.278
MinimumVisualStudioVersion = 10.0.40219.1
Project("{FAE04EC0-301F-11D3-BF4B-00C04F79EFBC}") = "Chess_Table", "Chess_Table\Chess_Table.csproj", "{2A002E13-3FF5-4543-B606-EE501C03FC03}"
EndProject
Global
	GlobalSection(SolutionConfigurationPlatforms) = preSolution
		Debug|Any CPU = Debug|Any CPU
		Release|Any CPU = Release|Any CPU
	EndGlobalSection
	GlobalSection(ProjectConfigurationPlatforms) = postSolution
		{2A002E13-3FF5-4543-B606-EE501C03FC03}.Debug|Any CPU.ActiveCfg = Debug|Any CPU
		{2A002E13-3FF5-4543-B606-EE501C03FC03}.Debug|Any CPU.Build.0 = Debug|Any CPU
		{2A002E13-3FF5-4543-B606-EE501C03FC03}.Release|Any CPU.ActiveCfg = Release|Any CPU
		{2A002E13-3FF5-4543-B606-EE501C03FC03}.Release|Any CPU.Build.0 = Release|Any CPU
	EndGlobalSection
	GlobalSection(SolutionProperties) = preSolution
		HideSolutionNode = FALSE
	EndGlobalSection
	GlobalSection(ExtensibilityGlobals) = postSolution
		SolutionGuid = {2C24EA5D-20D5-4CF5-B4BA-F4F9782A7F86}
	EndGlobalSection
EndGlobal
